// !$*UTF8*$!
{
	archiveVersion = 1;
	classes = {
	};
	objectVersion = 46;
	objects = {

/* Begin PBXBuildFile section */
		9C41DF201E0B9591002DF5F2 /* AppDelegate.swift in Sources */ = {isa = PBXBuildFile; fileRef = 9C41DF1F1E0B9591002DF5F2 /* AppDelegate.swift */; };
		9C41DF251E0B9591002DF5F2 /* Main.storyboard in Resources */ = {isa = PBXBuildFile; fileRef = 9C41DF231E0B9591002DF5F2 /* Main.storyboard */; };
		9C41DF271E0B9591002DF5F2 /* Assets.xcassets in Resources */ = {isa = PBXBuildFile; fileRef = 9C41DF261E0B9591002DF5F2 /* Assets.xcassets */; };
		9C41DF2A1E0B9591002DF5F2 /* LaunchScreen.storyboard in Resources */ = {isa = PBXBuildFile; fileRef = 9C41DF281E0B9591002DF5F2 /* LaunchScreen.storyboard */; };
		9C41DF321E0B95EA002DF5F2 /* WorkoutTableViewController.swift in Sources */ = {isa = PBXBuildFile; fileRef = 9C41DF311E0B95EA002DF5F2 /* WorkoutTableViewController.swift */; };
		9C41DF351E0B95FA002DF5F2 /* Workout.xcdatamodeld in Sources */ = {isa = PBXBuildFile; fileRef = 9C41DF331E0B95FA002DF5F2 /* Workout.xcdatamodeld */; };
		9C41DF371E0B9649002DF5F2 /* DataController.swift in Sources */ = {isa = PBXBuildFile; fileRef = 9C41DF361E0B9649002DF5F2 /* DataController.swift */; };
		9C41DF391E0B9737002DF5F2 /* Entry+Addition.swift in Sources */ = {isa = PBXBuildFile; fileRef = 9C41DF381E0B9737002DF5F2 /* Entry+Addition.swift */; };
/* End PBXBuildFile section */

/* Begin PBXFileReference section */
		9C41DF1C1E0B9591002DF5F2 /* WorkoutLog.app */ = {isa = PBXFileReference; explicitFileType = wrapper.application; includeInIndex = 0; path = WorkoutLog.app; sourceTree = BUILT_PRODUCTS_DIR; };
		9C41DF1F1E0B9591002DF5F2 /* AppDelegate.swift */ = {isa = PBXFileReference; lastKnownFileType = sourcecode.swift; path = AppDelegate.swift; sourceTree = "<group>"; };
		9C41DF241E0B9591002DF5F2 /* Base */ = {isa = PBXFileReference; lastKnownFileType = file.storyboard; name = Base; path = Base.lproj/Main.storyboard; sourceTree = "<group>"; };
		9C41DF261E0B9591002DF5F2 /* Assets.xcassets */ = {isa = PBXFileReference; lastKnownFileType = folder.assetcatalog; path = Assets.xcassets; sourceTree = "<group>"; };
		9C41DF291E0B9591002DF5F2 /* Base */ = {isa = PBXFileReference; lastKnownFileType = file.storyboard; name = Base; path = Base.lproj/LaunchScreen.storyboard; sourceTree = "<group>"; };
		9C41DF2B1E0B9591002DF5F2 /* Info.plist */ = {isa = PBXFileReference; lastKnownFileType = text.plist.xml; path = Info.plist; sourceTree = "<group>"; };
		9C41DF311E0B95EA002DF5F2 /* WorkoutTableViewController.swift */ = {isa = PBXFileReference; fileEncoding = 4; lastKnownFileType = sourcecode.swift; path = WorkoutTableViewController.swift; sourceTree = "<group>"; };
		9C41DF341E0B95FA002DF5F2 /* Workout.xcdatamodel */ = {isa = PBXFileReference; lastKnownFileType = wrapper.xcdatamodel; path = Workout.xcdatamodel; sourceTree = "<group>"; };
		9C41DF361E0B9649002DF5F2 /* DataController.swift */ = {isa = PBXFileReference; fileEncoding = 4; lastKnownFileType = sourcecode.swift; path = DataController.swift; sourceTree = "<group>"; };
		9C41DF381E0B9737002DF5F2 /* Entry+Addition.swift */ = {isa = PBXFileReference; fileEncoding = 4; lastKnownFileType = sourcecode.swift; path = "Entry+Addition.swift"; sourceTree = "<group>"; };
/* End PBXFileReference section */

/* Begin PBXFrameworksBuildPhase section */
		9C41DF191E0B9591002DF5F2 /* Frameworks */ = {
			isa = PBXFrameworksBuildPhase;
			buildActionMask = 2147483647;
			files = (
			);
			runOnlyForDeploymentPostprocessing = 0;
		};
/* End PBXFrameworksBuildPhase section */

/* Begin PBXGroup section */
		9C41DF131E0B9591002DF5F2 = {
			isa = PBXGroup;
			children = (
				9C41DF1E1E0B9591002DF5F2 /* WorkoutLog */,
				9C41DF1D1E0B9591002DF5F2 /* Products */,
			);
			sourceTree = "<group>";
		};
		9C41DF1D1E0B9591002DF5F2 /* Products */ = {
			isa = PBXGroup;
			children = (
				9C41DF1C1E0B9591002DF5F2 /* WorkoutLog.app */,
			);
			name = Products;
			sourceTree = "<group>";
		};
		9C41DF1E1E0B9591002DF5F2 /* WorkoutLog */ = {
			isa = PBXGroup;
			children = (
				9C41DF1F1E0B9591002DF5F2 /* AppDelegate.swift */,
				9C8FDC7B1E0C65DE00C482B8 /* CoreData */,
				9C8FDC7A1E0C65D800C482B8 /* Storyboard */,
				9C8FDC791E0C65D400C482B8 /* ViewController */,
				9C8FDC7E1E0C671D00C482B8 /* Extension */,
				9C8FDC7C1E0C65EB00C482B8 /* Helper */,
			);
			path = WorkoutLog;
			sourceTree = "<group>";
		};
		9C8FDC791E0C65D400C482B8 /* ViewController */ = {
			isa = PBXGroup;
			children = (
				9C41DF311E0B95EA002DF5F2 /* WorkoutTableViewController.swift */,
			);
			name = ViewController;
			sourceTree = "<group>";
		};
		9C8FDC7A1E0C65D800C482B8 /* Storyboard */ = {
			isa = PBXGroup;
			children = (
				9C41DF231E0B9591002DF5F2 /* Main.storyboard */,
				9C41DF281E0B9591002DF5F2 /* LaunchScreen.storyboard */,
			);
			name = Storyboard;
			sourceTree = "<group>";
		};
		9C8FDC7B1E0C65DE00C482B8 /* CoreData */ = {
			isa = PBXGroup;
			children = (
				9C41DF331E0B95FA002DF5F2 /* Workout.xcdatamodeld */,
				9C41DF361E0B9649002DF5F2 /* DataController.swift */,
			);
			name = CoreData;
			sourceTree = "<group>";
		};
		9C8FDC7C1E0C65EB00C482B8 /* Helper */ = {
			isa = PBXGroup;
			children = (
				9C41DF261E0B9591002DF5F2 /* Assets.xcassets */,
				9C41DF2B1E0B9591002DF5F2 /* Info.plist */,
			);
			name = Helper;
			sourceTree = "<group>";
		};
		9C8FDC7E1E0C671D00C482B8 /* Extension */ = {
			isa = PBXGroup;
			children = (
				9C41DF381E0B9737002DF5F2 /* Entry+Addition.swift */,
			);
			name = Extension;
			sourceTree = "<group>";
		};
/* End PBXGroup section */

/* Begin PBXNativeTarget section */
		9C41DF1B1E0B9591002DF5F2 /* WorkoutLog */ = {
			isa = PBXNativeTarget;
			buildConfigurationList = 9C41DF2E1E0B9591002DF5F2 /* Build configuration list for PBXNativeTarget "WorkoutLog" */;
			buildPhases = (
				9C41DF181E0B9591002DF5F2 /* Sources */,
				9C41DF191E0B9591002DF5F2 /* Frameworks */,
				9C41DF1A1E0B9591002DF5F2 /* Resources */,
			);
			buildRules = (
			);
			dependencies = (
			);
			name = WorkoutLog;
			productName = WorkoutLog;
			productReference = 9C41DF1C1E0B9591002DF5F2 /* WorkoutLog.app */;
			productType = "com.apple.product-type.application";
		};
/* End PBXNativeTarget section */

/* Begin PBXProject section */
		9C41DF141E0B9591002DF5F2 /* Project object */ = {
			isa = PBXProject;
			attributes = {
				LastSwiftUpdateCheck = 0800;
				LastUpgradeCheck = 0800;
				ORGANIZATIONNAME = "Annie Tung";
				TargetAttributes = {
					9C41DF1B1E0B9591002DF5F2 = {
						CreatedOnToolsVersion = 8.0;
						DevelopmentTeam = 9F7X637BX9;
						ProvisioningStyle = Automatic;
					};
				};
			};
			buildConfigurationList = 9C41DF171E0B9591002DF5F2 /* Build configuration list for PBXProject "WorkoutLog" */;
			compatibilityVersion = "Xcode 3.2";
			developmentRegion = English;
			hasScannedForEncodings = 0;
			knownRegions = (
				en,
				Base,
			);
			mainGroup = 9C41DF131E0B9591002DF5F2;
			productRefGroup = 9C41DF1D1E0B9591002DF5F2 /* Products */;
			projectDirPath = "";
			projectRoot = "";
			targets = (
				9C41DF1B1E0B9591002DF5F2 /* WorkoutLog */,
			);
		};
/* End PBXProject section */

/* Begin PBXResourcesBuildPhase section */
		9C41DF1A1E0B9591002DF5F2 /* Resources */ = {
			isa = PBXResourcesBuildPhase;
			buildActionMask = 2147483647;
			files = (
				9C41DF2A1E0B9591002DF5F2 /* LaunchScreen.storyboard in Resources */,
				9C41DF271E0B9591002DF5F2 /* Assets.xcassets in Resources */,
				9C41DF251E0B9591002DF5F2 /* Main.storyboard in Resources */,
			);
			runOnlyForDeploymentPostprocessing = 0;
		};
/* End PBXResourcesBuildPhase section */

/* Begin PBXSourcesBuildPhase section */
		9C41DF181E0B9591002DF5F2 /* Sources */ = {
			isa = PBXSourcesBuildPhase;
			buildActionMask = 2147483647;
			files = (
				9C41DF351E0B95FA002DF5F2 /* Workout.xcdatamodeld in Sources */,
				9C41DF371E0B9649002DF5F2 /* DataController.swift in Sources */,
				9C41DF201E0B9591002DF5F2 /* AppDelegate.swift in Sources */,
				9C41DF321E0B95EA002DF5F2 /* WorkoutTableViewController.swift in Sources */,
				9C41DF391E0B9737002DF5F2 /* Entry+Addition.swift in Sources */,
			);
			runOnlyForDeploymentPostprocessing = 0;
		};
/* End PBXSourcesBuildPhase section */

/* Begin PBXVariantGroup section */
		9C41DF231E0B9591002DF5F2 /* Main.storyboard */ = {
			isa = PBXVariantGroup;
			children = (
				9C41DF241E0B9591002DF5F2 /* Base */,
			);
			name = Main.storyboard;
			sourceTree = "<group>";
		};
		9C41DF281E0B9591002DF5F2 /* LaunchScreen.storyboard */ = {
			isa = PBXVariantGroup;
			children = (
				9C41DF291E0B9591002DF5F2 /* Base */,
			);
			name = LaunchScreen.storyboard;
			sourceTree = "<group>";
		};
/* End PBXVariantGroup section */

/* Begin XCBuildConfiguration section */
		9C41DF2C1E0B9591002DF5F2 /* Debug */ = {
			isa = XCBuildConfiguration;
			buildSettings = {
				ALWAYS_SEARCH_USER_PATHS = NO;
				CLANG_ANALYZER_NONNULL = YES;
				CLANG_CXX_LANGUAGE_STANDARD = "gnu++0x";
				CLANG_CXX_LIBRARY = "libc++";
				CLANG_ENABLE_MODULES = YES;
				CLANG_ENABLE_OBJC_ARC = YES;
				CLANG_WARN_BOOL_CONVERSION = YES;
				CLANG_WARN_CONSTANT_CONVERSION = YES;
				CLANG_WARN_DIRECT_OBJC_ISA_USAGE = YES_ERROR;
				CLANG_WARN_DOCUMENTATION_COMMENTS = YES;
				CLANG_WARN_EMPTY_BODY = YES;
				CLANG_WARN_ENUM_CONVERSION = YES;
				CLANG_WARN_INFINITE_RECURSION = YES;
				CLANG_WARN_INT_CONVERSION = YES;
				CLANG_WARN_OBJC_ROOT_CLASS = YES_ERROR;
				CLANG_WARN_SUSPICIOUS_MOVES = YES;
				CLANG_WARN_UNREACHABLE_CODE = YES;
				CLANG_WARN__DUPLICATE_METHOD_MATCH = YES;
				"CODE_SIGN_IDENTITY[sdk=iphoneos*]" = "iPhone Developer";
				COPY_PHASE_STRIP = NO;
				DEBUG_INFORMATION_FORMAT = dwarf;
				ENABLE_STRICT_OBJC_MSGSEND = YES;
				ENABLE_TESTABILITY = YES;
				GCC_C_LANGUAGE_STANDARD = gnu99;
				GCC_DYNAMIC_NO_PIC = NO;
				GCC_NO_COMMON_BLOCKS = YES;
				GCC_OPTIMIZATION_LEVEL = 0;
				GCC_PREPROCESSOR_DEFINITIONS = (
					"DEBUG=1",
					"$(inherited)",
				);
				GCC_WARN_64_TO_32_BIT_CONVERSION = YES;
				GCC_WARN_ABOUT_RETURN_TYPE = YES_ERROR;
				GCC_WARN_UNDECLARED_SELECTOR = YES;
				GCC_WARN_UNINITIALIZED_AUTOS = YES_AGGRESSIVE;
				GCC_WARN_UNUSED_FUNCTION = YES;
				GCC_WARN_UNUSED_VARIABLE = YES;
				IPHONEOS_DEPLOYMENT_TARGET = 10.0;
				MTL_ENABLE_DEBUG_INFO = YES;
				ONLY_ACTIVE_ARCH = YES;
				SDKROOT = iphoneos;
				SWIFT_ACTIVE_COMPILATION_CONDITIONS = DEBUG;
				SWIFT_OPTIMIZATION_LEVEL = "-Onone";
				TARGETED_DEVICE_FAMILY = "1,2";
			};
			name = Debug;
		};
		9C41DF2D1E0B9591002DF5F2 /* Release */ = {
			isa = XCBuildConfiguration;
			buildSettings = {
				ALWAYS_SEARCH_USER_PATHS = NO;
				CLANG_ANALYZER_NONNULL = YES;
				CLANG_CXX_LANGUAGE_STANDARD = "gnu++0x";
				CLANG_CXX_LIBRARY = "libc++";
				CLANG_ENABLE_MODULES = YES;
				CLANG_ENABLE_OBJC_ARC = YES;
				CLANG_WARN_BOOL_CONVERSION = YES;
				CLANG_WARN_CONSTANT_CONVERSION = YES;
				CLANG_WARN_DIRECT_OBJC_ISA_USAGE = YES_ERROR;
				CLANG_WARN_DOCUMENTATION_COMMENTS = YES;
				CLANG_WARN_EMPTY_BODY = YES;
				CLANG_WARN_ENUM_CONVERSION = YES;
				CLANG_WARN_INFINITE_RECURSION = YES;
				CLANG_WARN_INT_CONVERSION = YES;
				CLANG_WARN_OBJC_ROOT_CLASS = YES_ERROR;
				CLANG_WARN_SUSPICIOUS_MOVES = YES;
				CLANG_WARN_UNREACHABLE_CODE = YES;
				CLANG_WARN__DUPLICATE_METHOD_MATCH = YES;
				"CODE_SIGN_IDENTITY[sdk=iphoneos*]" = "iPhone Developer";
				COPY_PHASE_STRIP = NO;
				DEBUG_INFORMATION_FORMAT = "dwarf-with-dsym";
				ENABLE_NS_ASSERTIONS = NO;
				ENABLE_STRICT_OBJC_MSGSEND = YES;
				GCC_C_LANGUAGE_STANDARD = gnu99;
				GCC_NO_COMMON_BLOCKS = YES;
				GCC_WARN_64_TO_32_BIT_CONVERSION = YES;
				GCC_WARN_ABOUT_RETURN_TYPE = YES_ERROR;
				GCC_WARN_UNDECLARED_SELECTOR = YES;
				GCC_WARN_UNINITIALIZED_AUTOS = YES_AGGRESSIVE;
				GCC_WARN_UNUSED_FUNCTION = YES;
				GCC_WARN_UNUSED_VARIABLE = YES;
				IPHONEOS_DEPLOYMENT_TARGET = 10.0;
				MTL_ENABLE_DEBUG_INFO = NO;
				SDKROOT = iphoneos;
				SWIFT_OPTIMIZATION_LEVEL = "-Owholemodule";
				TARGETED_DEVICE_FAMILY = "1,2";
				VALIDATE_PRODUCT = YES;
			};
			name = Release;
		};
		9C41DF2F1E0B9591002DF5F2 /* Debug */ = {
			isa = XCBuildConfiguration;
			buildSettings = {
				ASSETCATALOG_COMPILER_APPICON_NAME = AppIcon;
				DEVELOPMENT_TEAM = 9F7X637BX9;
				INFOPLIST_FILE = WorkoutLog/Info.plist;
				LD_RUNPATH_SEARCH_PATHS = "$(inherited) @executable_path/Frameworks";
				PRODUCT_BUNDLE_IDENTIFIER = tung.annie.c4q.WorkoutLog;
				PRODUCT_NAME = "$(TARGET_NAME)";
				SWIFT_VERSION = 3.0;
			};
			name = Debug;
		};
		9C41DF301E0B9591002DF5F2 /* Release */ = {
			isa = XCBuildConfiguration;
			buildSettings = {
				ASSETCATALOG_COMPILER_APPICON_NAME = AppIcon;
				DEVELOPMENT_TEAM = 9F7X637BX9;
				INFOPLIST_FILE = WorkoutLog/Info.plist;
				LD_RUNPATH_SEARCH_PATHS = "$(inherited) @executable_path/Frameworks";
				PRODUCT_BUNDLE_IDENTIFIER = tung.annie.c4q.WorkoutLog;
				PRODUCT_NAME = "$(TARGET_NAME)";
				SWIFT_VERSION = 3.0;
			};
			name = Release;
		};
/* End XCBuildConfiguration section */

/* Begin XCConfigurationList section */
		9C41DF171E0B9591002DF5F2 /* Build configuration list for PBXProject "WorkoutLog" */ = {
			isa = XCConfigurationList;
			buildConfigurations = (
				9C41DF2C1E0B9591002DF5F2 /* Debug */,
				9C41DF2D1E0B9591002DF5F2 /* Release */,
			);
			defaultConfigurationIsVisible = 0;
			defaultConfigurationName = Release;
		};
		9C41DF2E1E0B9591002DF5F2 /* Build configuration list for PBXNativeTarget "WorkoutLog" */ = {
			isa = XCConfigurationList;
			buildConfigurations = (
				9C41DF2F1E0B9591002DF5F2 /* Debug */,
				9C41DF301E0B9591002DF5F2 /* Release */,
			);
			defaultConfigurationIsVisible = 0;
			defaultConfigurationName = Release;
		};
/* End XCConfigurationList section */

/* Begin XCVersionGroup section */
		9C41DF331E0B95FA002DF5F2 /* Workout.xcdatamodeld */ = {
			isa = XCVersionGroup;
			children = (
				9C41DF341E0B95FA002DF5F2 /* Workout.xcdatamodel */,
			);
			currentVersion = 9C41DF341E0B95FA002DF5F2 /* Workout.xcdatamodel */;
			name = Workout.xcdatamodeld;
			path = ../Workout.xcdatamodeld;
			sourceTree = "<group>";
			versionGroupType = wrapper.xcdatamodel;
		};
/* End XCVersionGroup section */
	};
	rootObject = 9C41DF141E0B9591002DF5F2 /* Project object */;
}
